
Microsoft Visual Studio Solution File, Format Version 12.00
# Visual Studio Version 16
VisualStudioVersion = 16.0.31702.278
MinimumVisualStudioVersion = 10.0.40219.1
Project("{FAE04EC0-301F-11D3-BF4B-00C04F79EFBC}") = "InvertApp", "InvertApp.csproj", "{1BFD5360-1B73-40C8-8193-C897B6CC5726}"
EndProject
Global
	GlobalSection(SolutionConfigurationPlatforms) = preSolution
		Debug|Any CPU = Debug|Any CPU
		Release|Any CPU = Release|Any CPU
	EndGlobalSection
	GlobalSection(ProjectConfigurationPlatforms) = postSolution
		{1BFD5360-1B73-40C8-8193-C897B6CC5726}.Debug|Any CPU.ActiveCfg = Debug|Any CPU
		{1BFD5360-1B73-40C8-8193-C897B6CC5726}.Debug|Any CPU.Build.0 = Debug|Any CPU
		{1BFD5360-1B73-40C8-8193-C897B6CC5726}.Release|Any CPU.ActiveCfg = Release|Any CPU
		{1BFD5360-1B73-40C8-8193-C897B6CC5726}.Release|Any CPU.Build.0 = Release|Any CPU
	EndGlobalSection
	GlobalSection(SolutionProperties) = preSolution
		HideSolutionNode = FALSE
	EndGlobalSection
	GlobalSection(ExtensibilityGlobals) = postSolution
		SolutionGuid = {ECB96286-16F1-4548-B4CB-2EBCDB583608}
	EndGlobalSection
EndGlobal
